
Microsoft Visual Studio Solution File, Format Version 12.00
Project("{FAE04EC0-301F-11D3-BF4B-00C04F79EFBC}") = "MaximEmmBots", "MaximEmmBots.csproj", "{744502DC-7803-4658-8FB4-EB8C844F7DA2}"
EndProject
Global
	GlobalSection(SolutionConfigurationPlatforms) = preSolution
		Debug|Any CPU = Debug|Any CPU
		Release|Any CPU = Release|Any CPU
	EndGlobalSection
	GlobalSection(ProjectConfigurationPlatforms) = postSolution
		{744502DC-7803-4658-8FB4-EB8C844F7DA2}.Debug|Any CPU.ActiveCfg = Debug|Any CPU
		{744502DC-7803-4658-8FB4-EB8C844F7DA2}.Debug|Any CPU.Build.0 = Debug|Any CPU
		{744502DC-7803-4658-8FB4-EB8C844F7DA2}.Release|Any CPU.ActiveCfg = Release|Any CPU
		{744502DC-7803-4658-8FB4-EB8C844F7DA2}.Release|Any CPU.Build.0 = Release|Any CPU
	EndGlobalSection
EndGlobal
